
Microsoft Visual Studio Solution File, Format Version 12.00
# Visual Studio Version 16
VisualStudioVersion = 16.0.31727.386
MinimumVisualStudioVersion = 10.0.40219.1
Project("{FAE04EC0-301F-11D3-BF4B-00C04F79EFBC}") = "Lab08", "Lab08\Lab08.csproj", "{BC1215A3-7471-415A-A376-2C41F2B492E9}"
EndProject
Global
	GlobalSection(SolutionConfigurationPlatforms) = preSolution
		Debug|Any CPU = Debug|Any CPU
		Release|Any CPU = Release|Any CPU
	EndGlobalSection
	GlobalSection(ProjectConfigurationPlatforms) = postSolution
		{BC1215A3-7471-415A-A376-2C41F2B492E9}.Debug|Any CPU.ActiveCfg = Debug|Any CPU
		{BC1215A3-7471-415A-A376-2C41F2B492E9}.Debug|Any CPU.Build.0 = Debug|Any CPU
		{BC1215A3-7471-415A-A376-2C41F2B492E9}.Release|Any CPU.ActiveCfg = Release|Any CPU
		{BC1215A3-7471-415A-A376-2C41F2B492E9}.Release|Any CPU.Build.0 = Release|Any CPU
	EndGlobalSection
	GlobalSection(SolutionProperties) = preSolution
		HideSolutionNode = FALSE
	EndGlobalSection
	GlobalSection(ExtensibilityGlobals) = postSolution
		SolutionGuid = {EA4FB243-6EA6-4286-970C-E24960126586}
	EndGlobalSection
EndGlobal
